{ agent-sandbox = { lastModified = 1773501838; lastModifiedDate = "20260314152358"; narHash = "sha256-3Fjn1OIIrHkwuZMvfZa9jmts8uJz2ng35J7zt+JUpuk="; outPath = "/nix/store/m1g597psd8spxmp4bv1j24lvl9v9wmm5-source"; rev = "e1a92023aa35a6dc4e15122c2305302dd4d255f1"; revCount = 0; shortRev = "e1a9202"; submodules = false; }; nixpkgs = { lastModified = 1773705440; lastModifiedDate = "20260316235720"; narHash = "sha256-xB30bbAp0e7ogSEYyc126mAJMt4FRFh8wtm6ADE1xuM="; outPath = "/nix/store/bxfbn4a6l0ji3pb6mzwsp3nybrpzrvv2-source"; rev = "48652e9d5aea46e555b3df87354280d4f29cd3a3"; revCount = 0; shortRev = "48652e9"; submodules = false; }; }
