{ agent-sandbox = { lastModified = 1773818101; lastModifiedDate = "20260318071501"; narHash = "sha256-9ev1usD7f+UN+HPF42HivJBD9Z43IOTANKOMGlHJFgg="; outPath = "/nix/store/5i3laxfacysh6gk7h9rlgr3kijiw3brz-source"; rev = "4d21c0363e0bf3fbddd4c623e4fc2f1a1ebf31cc"; revCount = 0; shortRev = "4d21c03"; submodules = false; }; nixpkgs = { lastModified = 1773705440; lastModifiedDate = "20260316235720"; narHash = "sha256-xB30bbAp0e7ogSEYyc126mAJMt4FRFh8wtm6ADE1xuM="; outPath = "/nix/store/bxfbn4a6l0ji3pb6mzwsp3nybrpzrvv2-source"; rev = "48652e9d5aea46e555b3df87354280d4f29cd3a3"; revCount = 0; shortRev = "48652e9"; submodules = false; }; }
